
Microsoft Visual Studio Solution File, Format Version 12.00
# Visual Studio 2017
Project("{FAE04EC0-301F-11D3-BF4B-00C04F79EFBC}") = "WheresWaldo", "WheresWaldo.csproj", "{8A40B4FE-6753-7E37-5CA8-73E8CAA98B63}"
EndProject
Project("{FAE04EC0-301F-11D3-BF4B-00C04F79EFBC}") = "WheresWaldo.Editor", "WheresWaldo.Editor.csproj", "{CEFB2DDB-9472-4CB1-4637-C16B4568609A}"
EndProject
Global
	GlobalSection(SolutionConfigurationPlatforms) = preSolution
		Debug|Any CPU = Debug|Any CPU
		Release|Any CPU = Release|Any CPU
	EndGlobalSection
	GlobalSection(ProjectConfigurationPlatforms) = postSolution
		{8A40B4FE-6753-7E37-5CA8-73E8CAA98B63}.Debug|Any CPU.ActiveCfg = Debug|Any CPU
		{8A40B4FE-6753-7E37-5CA8-73E8CAA98B63}.Debug|Any CPU.Build.0 = Debug|Any CPU
		{8A40B4FE-6753-7E37-5CA8-73E8CAA98B63}.Release|Any CPU.ActiveCfg = Release|Any CPU
		{8A40B4FE-6753-7E37-5CA8-73E8CAA98B63}.Release|Any CPU.Build.0 = Release|Any CPU
		{CEFB2DDB-9472-4CB1-4637-C16B4568609A}.Debug|Any CPU.ActiveCfg = Debug|Any CPU
		{CEFB2DDB-9472-4CB1-4637-C16B4568609A}.Debug|Any CPU.Build.0 = Debug|Any CPU
		{CEFB2DDB-9472-4CB1-4637-C16B4568609A}.Release|Any CPU.ActiveCfg = Release|Any CPU
		{CEFB2DDB-9472-4CB1-4637-C16B4568609A}.Release|Any CPU.Build.0 = Release|Any CPU
	EndGlobalSection
	GlobalSection(SolutionProperties) = preSolution
		HideSolutionNode = FALSE
	EndGlobalSection
EndGlobal
